{
  "requires": true,
  "lockfileVersion": 1,
  "dependencies": {
    "@babel/runtime": {
      "version": "7.11.2",
      "resolved": "https://registry.npmjs.org/@babel/runtime/-/runtime-7.11.2.tgz",
      "integrity": "sha512-TeWkU52so0mPtDcaCTxNBI/IHiz0pZgr8VEFqXFtZWpYD08ZB6FaSwVAS8MKRQAP3bYKiVjwysOJgMFY28o6Tw==",
      "requires": {
        "regenerator-runtime": "^0.13.4"
      }
    },
    "@nivo/annotations": {
      "version": "0.62.0",
      "resolved": "https://registry.npmjs.org/@nivo/annotations/-/annotations-0.62.0.tgz",
      "integrity": "sha512-cvwUMeEkqVZ9yEgiWf3Nj3bHY36JHK7fHdXbcYS6KYZ05m5mbVWFMxHE45fPKRLaWoMqaK+rhPpioMHGYC/4mA==",
      "requires": {
        "@nivo/colors": "0.62.0",
        "@nivo/core": "0.62.0",
        "lodash": "^4.17.11",
        "react-motion": "^0.5.2"
      }
    },
    "@nivo/axes": {
      "version": "0.62.0",
      "resolved": "https://registry.npmjs.org/@nivo/axes/-/axes-0.62.0.tgz",
      "integrity": "sha512-9MBYGtKTVks5wvR/Xsj7h0/N6M2FHdwad/CmRP91agTBwyhMyYE9ifEwcP0urshZ6Jt9D1e5GxtZYwrPwFWv/A==",
      "requires": {
        "@nivo/core": "0.62.0",
        "@nivo/scales": "0.62.0",
        "d3-format": "^1.3.2",
        "d3-time": "^1.0.11",
        "d3-time-format": "^2.1.3",
        "lodash": "^4.17.11",
        "react-motion": "^0.5.2"
      }
    },
    "@nivo/bar": {
      "version": "0.62.0",
      "resolved": "https://registry.npmjs.org/@nivo/bar/-/bar-0.62.0.tgz",
      "integrity": "sha512-bRnQ2NMOM1Q60Tk++VEckTpTxjbxu1w87npq3S+u86mP8l1VqMoerj0f41qpfAQpZcFm+1Fj521xaQCnAW0E2g==",
      "requires": {
        "@nivo/annotations": "0.62.0",
        "@nivo/axes": "0.62.0",
        "@nivo/colors": "0.62.0",
        "@nivo/core": "0.62.0",
        "@nivo/legends": "0.62.0",
        "@nivo/tooltip": "0.62.0",
        "d3-scale": "^3.0.0",
        "d3-shape": "^1.2.2",
        "lodash": "^4.17.11",
        "react-motion": "^0.5.2",
        "recompose": "^0.30.0"
      },
      "dependencies": {
        "d3-array": {
          "version": "2.8.0",
          "resolved": "https://registry.npmjs.org/d3-array/-/d3-array-2.8.0.tgz",
          "integrity": "sha512-6V272gsOeg7+9pTW1jSYOR1QE37g95I3my1hBmY+vOUNHRrk9yt4OTz/gK7PMkVAVDrYYq4mq3grTiZ8iJdNIw=="
        },
        "d3-scale": {
          "version": "3.2.3",
          "resolved": "https://registry.npmjs.org/d3-scale/-/d3-scale-3.2.3.tgz",
          "integrity": "sha512-8E37oWEmEzj57bHcnjPVOBS3n4jqakOeuv1EDdQSiSrYnMCBdMd3nc4HtKk7uia8DUHcY/CGuJ42xxgtEYrX0g==",
          "requires": {
            "d3-array": "^2.3.0",
            "d3-format": "1 - 2",
            "d3-interpolate": "1.2.0 - 2",
            "d3-time": "1 - 2",
            "d3-time-format": "2 - 3"
          }
        },
        "recompose": {
          "version": "0.30.0",
          "resolved": "https://registry.npmjs.org/recompose/-/recompose-0.30.0.tgz",
          "integrity": "sha512-ZTrzzUDa9AqUIhRk4KmVFihH0rapdCSMFXjhHbNrjAWxBuUD/guYlyysMnuHjlZC/KRiOKRtB4jf96yYSkKE8w==",
          "requires": {
            "@babel/runtime": "^7.0.0",
            "change-emitter": "^0.1.2",
            "fbjs": "^0.8.1",
            "hoist-non-react-statics": "^2.3.1",
            "react-lifecycles-compat": "^3.0.2",
            "symbol-observable": "^1.0.4"
          }
        }
      }
    },
    "@nivo/colors": {
      "version": "0.62.0",
      "resolved": "https://registry.npmjs.org/@nivo/colors/-/colors-0.62.0.tgz",
      "integrity": "sha512-yBbdy0eD9oG4j7SXWx1FIa6l30/6H0pMINB3Qth3Pz0cFtXNf7mHjbIziSdt+nW8syT6GvxCtU+Vw98M52bA2A==",
      "requires": {
        "d3-color": "^1.2.3",
        "d3-scale": "^3.0.0",
        "d3-scale-chromatic": "^1.3.3",
        "lodash.get": "^4.4.2",
        "lodash.isplainobject": "^4.0.6",
        "react-motion": "^0.5.2"
      },
      "dependencies": {
        "d3-array": {
          "version": "2.8.0",
          "resolved": "https://registry.npmjs.org/d3-array/-/d3-array-2.8.0.tgz",
          "integrity": "sha512-6V272gsOeg7+9pTW1jSYOR1QE37g95I3my1hBmY+vOUNHRrk9yt4OTz/gK7PMkVAVDrYYq4mq3grTiZ8iJdNIw=="
        },
        "d3-scale": {
          "version": "3.2.3",
          "resolved": "https://registry.npmjs.org/d3-scale/-/d3-scale-3.2.3.tgz",
          "integrity": "sha512-8E37oWEmEzj57bHcnjPVOBS3n4jqakOeuv1EDdQSiSrYnMCBdMd3nc4HtKk7uia8DUHcY/CGuJ42xxgtEYrX0g==",
          "requires": {
            "d3-array": "^2.3.0",
            "d3-format": "1 - 2",
            "d3-interpolate": "1.2.0 - 2",
            "d3-time": "1 - 2",
            "d3-time-format": "2 - 3"
          }
        }
      }
    },
    "@nivo/core": {
      "version": "0.62.0",
      "resolved": "https://registry.npmjs.org/@nivo/core/-/core-0.62.0.tgz",
      "integrity": "sha512-0MdLAy4NgwL/QRJQN9oVFL8aF6H0qd0iHG3Ewy3asvgh/Dmz4boXKsTX5+V9puTeJHJtnlBdSgWqimqeeiXD8w==",
      "requires": {
        "@nivo/tooltip": "0.62.0",
        "d3-color": "^1.2.3",
        "d3-format": "^1.3.2",
        "d3-hierarchy": "^1.1.8",
        "d3-interpolate": "^1.3.2",
        "d3-scale": "^3.0.0",
        "d3-scale-chromatic": "^1.3.3",
        "d3-shape": "^1.3.5",
        "d3-time-format": "^2.1.3",
        "lodash": "^4.17.11",
        "react-measure": "^2.2.4",
        "react-motion": "^0.5.2",
        "recompose": "^0.30.0"
      },
      "dependencies": {
        "d3-array": {
          "version": "2.8.0",
          "resolved": "https://registry.npmjs.org/d3-array/-/d3-array-2.8.0.tgz",
          "integrity": "sha512-6V272gsOeg7+9pTW1jSYOR1QE37g95I3my1hBmY+vOUNHRrk9yt4OTz/gK7PMkVAVDrYYq4mq3grTiZ8iJdNIw=="
        },
        "d3-scale": {
          "version": "3.2.3",
          "resolved": "https://registry.npmjs.org/d3-scale/-/d3-scale-3.2.3.tgz",
          "integrity": "sha512-8E37oWEmEzj57bHcnjPVOBS3n4jqakOeuv1EDdQSiSrYnMCBdMd3nc4HtKk7uia8DUHcY/CGuJ42xxgtEYrX0g==",
          "requires": {
            "d3-array": "^2.3.0",
            "d3-format": "1 - 2",
            "d3-interpolate": "1.2.0 - 2",
            "d3-time": "1 - 2",
            "d3-time-format": "2 - 3"
          }
        },
        "recompose": {
          "version": "0.30.0",
          "resolved": "https://registry.npmjs.org/recompose/-/recompose-0.30.0.tgz",
          "integrity": "sha512-ZTrzzUDa9AqUIhRk4KmVFihH0rapdCSMFXjhHbNrjAWxBuUD/guYlyysMnuHjlZC/KRiOKRtB4jf96yYSkKE8w==",
          "requires": {
            "@babel/runtime": "^7.0.0",
            "change-emitter": "^0.1.2",
            "fbjs": "^0.8.1",
            "hoist-non-react-statics": "^2.3.1",
            "react-lifecycles-compat": "^3.0.2",
            "symbol-observable": "^1.0.4"
          }
        }
      }
    },
    "@nivo/legends": {
      "version": "0.62.0",
      "resolved": "https://registry.npmjs.org/@nivo/legends/-/legends-0.62.0.tgz",
      "integrity": "sha512-0Vda6OyftmeL0j1wKqDe64qXQ1t+4h/GVxZK4wUXfFHkxHmLOnX+KFPwAWtHaYwmBb8RuzBlZfLipkKk2M3Dwg==",
      "requires": {
        "@nivo/core": "0.62.0",
        "lodash": "^4.17.11",
        "recompose": "^0.30.0"
      },
      "dependencies": {
        "recompose": {
          "version": "0.30.0",
          "resolved": "https://registry.npmjs.org/recompose/-/recompose-0.30.0.tgz",
          "integrity": "sha512-ZTrzzUDa9AqUIhRk4KmVFihH0rapdCSMFXjhHbNrjAWxBuUD/guYlyysMnuHjlZC/KRiOKRtB4jf96yYSkKE8w==",
          "requires": {
            "@babel/runtime": "^7.0.0",
            "change-emitter": "^0.1.2",
            "fbjs": "^0.8.1",
            "hoist-non-react-statics": "^2.3.1",
            "react-lifecycles-compat": "^3.0.2",
            "symbol-observable": "^1.0.4"
          }
        }
      }
    },
    "@nivo/line": {
      "version": "0.62.0",
      "resolved": "https://registry.npmjs.org/@nivo/line/-/line-0.62.0.tgz",
      "integrity": "sha512-P48gt8NjhRb5W8QjafgO/DMKVD+21X4Jf13wwL6k8lzwaKOaWS37OPPPpvDREQFZhHYWG6KcnIGEo99/yOzdWw==",
      "requires": {
        "@nivo/annotations": "0.62.0",
        "@nivo/axes": "0.62.0",
        "@nivo/colors": "0.62.0",
        "@nivo/core": "0.62.0",
        "@nivo/legends": "0.62.0",
        "@nivo/scales": "0.62.0",
        "@nivo/tooltip": "0.62.0",
        "@nivo/voronoi": "0.62.0",
        "d3-shape": "^1.3.5",
        "lodash": "^4.17.11",
        "react-motion": "^0.5.2"
      }
    },
    "@nivo/scales": {
      "version": "0.62.0",
      "resolved": "https://registry.npmjs.org/@nivo/scales/-/scales-0.62.0.tgz",
      "integrity": "sha512-x3L7/yCPLNmj/mtnOl9E/kL/3KMXKyS3IyzqB2F5PAiUcsUpxKmHwcJ9ATdPKcoUaYpf/wa9z+jL92/AInz3Pw==",
      "requires": {
        "d3-scale": "^3.0.0",
        "d3-time-format": "^2.1.3",
        "lodash": "^4.17.11"
      },
      "dependencies": {
        "d3-array": {
          "version": "2.8.0",
          "resolved": "https://registry.npmjs.org/d3-array/-/d3-array-2.8.0.tgz",
          "integrity": "sha512-6V272gsOeg7+9pTW1jSYOR1QE37g95I3my1hBmY+vOUNHRrk9yt4OTz/gK7PMkVAVDrYYq4mq3grTiZ8iJdNIw=="
        },
        "d3-scale": {
          "version": "3.2.3",
          "resolved": "https://registry.npmjs.org/d3-scale/-/d3-scale-3.2.3.tgz",
          "integrity": "sha512-8E37oWEmEzj57bHcnjPVOBS3n4jqakOeuv1EDdQSiSrYnMCBdMd3nc4HtKk7uia8DUHcY/CGuJ42xxgtEYrX0g==",
          "requires": {
            "d3-array": "^2.3.0",
            "d3-format": "1 - 2",
            "d3-interpolate": "1.2.0 - 2",
            "d3-time": "1 - 2",
            "d3-time-format": "2 - 3"
          }
        }
      }
    },
    "@nivo/tooltip": {
      "version": "0.62.0",
      "resolved": "https://registry.npmjs.org/@nivo/tooltip/-/tooltip-0.62.0.tgz",
      "integrity": "sha512-MoEq+WLDynH+DBRihb432RLtxEkvC3mKWjMuNlMwTQy+sk7h6NfIPw1QCeLrjiA/0w5qNSmWtbIv4dEJNExfwg==",
      "requires": {
        "@nivo/core": "0.62.0",
        "react-measure": "^2.2.4",
        "react-motion": "^0.5.2"
      }
    },
    "@nivo/voronoi": {
      "version": "0.62.0",
      "resolved": "https://registry.npmjs.org/@nivo/voronoi/-/voronoi-0.62.0.tgz",
      "integrity": "sha512-+Q+zTjp4LsjmUNMA3tFe13UdjANsE1NLTKajrwEBvQEx87GWYUJP2G+tNBrb2WfkBUmH0XTkkH7upLy4Gx//HA==",
      "requires": {
        "@nivo/core": "0.62.0",
        "d3-delaunay": "^5.1.1",
        "d3-scale": "^3.0.0",
        "recompose": "^0.30.0"
      },
      "dependencies": {
        "d3-array": {
          "version": "2.8.0",
          "resolved": "https://registry.npmjs.org/d3-array/-/d3-array-2.8.0.tgz",
          "integrity": "sha512-6V272gsOeg7+9pTW1jSYOR1QE37g95I3my1hBmY+vOUNHRrk9yt4OTz/gK7PMkVAVDrYYq4mq3grTiZ8iJdNIw=="
        },
        "d3-scale": {
          "version": "3.2.3",
          "resolved": "https://registry.npmjs.org/d3-scale/-/d3-scale-3.2.3.tgz",
          "integrity": "sha512-8E37oWEmEzj57bHcnjPVOBS3n4jqakOeuv1EDdQSiSrYnMCBdMd3nc4HtKk7uia8DUHcY/CGuJ42xxgtEYrX0g==",
          "requires": {
            "d3-array": "^2.3.0",
            "d3-format": "1 - 2",
            "d3-interpolate": "1.2.0 - 2",
            "d3-time": "1 - 2",
            "d3-time-format": "2 - 3"
          }
        },
        "recompose": {
          "version": "0.30.0",
          "resolved": "https://registry.npmjs.org/recompose/-/recompose-0.30.0.tgz",
          "integrity": "sha512-ZTrzzUDa9AqUIhRk4KmVFihH0rapdCSMFXjhHbNrjAWxBuUD/guYlyysMnuHjlZC/KRiOKRtB4jf96yYSkKE8w==",
          "requires": {
            "@babel/runtime": "^7.0.0",
            "change-emitter": "^0.1.2",
            "fbjs": "^0.8.1",
            "hoist-non-react-statics": "^2.3.1",
            "react-lifecycles-compat": "^3.0.2",
            "symbol-observable": "^1.0.4"
          }
        }
      }
    },
    "asap": {
      "version": "2.0.6",
      "resolved": "https://registry.npmjs.org/asap/-/asap-2.0.6.tgz",
      "integrity": "sha1-5QNHYR1+aQlDIIu9r+vLwvuGbUY="
    },
    "change-emitter": {
      "version": "0.1.6",
      "resolved": "https://registry.npmjs.org/change-emitter/-/change-emitter-0.1.6.tgz",
      "integrity": "sha1-6LL+PX8at9aaMhma/5HqaTFAlRU="
    },
    "chart.js": {
      "version": "2.9.3",
      "resolved": "https://registry.npmjs.org/chart.js/-/chart.js-2.9.3.tgz",
      "integrity": "sha512-+2jlOobSk52c1VU6fzkh3UwqHMdSlgH1xFv9FKMqHiNCpXsGPQa/+81AFa+i3jZ253Mq9aAycPwDjnn1XbRNNw==",
      "requires": {
        "chartjs-color": "^2.1.0",
        "moment": "^2.10.2"
      }
    },
    "chartjs-color": {
      "version": "2.4.1",
      "resolved": "https://registry.npmjs.org/chartjs-color/-/chartjs-color-2.4.1.tgz",
      "integrity": "sha512-haqOg1+Yebys/Ts/9bLo/BqUcONQOdr/hoEr2LLTRl6C5LXctUdHxsCYfvQVg5JIxITrfCNUDr4ntqmQk9+/0w==",
      "requires": {
        "chartjs-color-string": "^0.6.0",
        "color-convert": "^1.9.3"
      }
    },
    "chartjs-color-string": {
      "version": "0.6.0",
      "resolved": "https://registry.npmjs.org/chartjs-color-string/-/chartjs-color-string-0.6.0.tgz",
      "integrity": "sha512-TIB5OKn1hPJvO7JcteW4WY/63v6KwEdt6udfnDE9iCAZgy+V4SrbSxoIbTw/xkUIapjEI4ExGtD0+6D3KyFd7A==",
      "requires": {
        "color-name": "^1.0.0"
      }
    },
    "color-convert": {
      "version": "1.9.3",
      "resolved": "https://registry.npmjs.org/color-convert/-/color-convert-1.9.3.tgz",
      "integrity": "sha512-QfAUtd+vFdAtFQcC8CCyYt1fYWxSqAiK2cSD6zDB8N3cpsEBAvRxp9zOGg6G/SHHJYAT88/az/IuDGALsNVbGg==",
      "requires": {
        "color-name": "1.1.3"
      },
      "dependencies": {
        "color-name": {
          "version": "1.1.3",
          "resolved": "https://registry.npmjs.org/color-name/-/color-name-1.1.3.tgz",
          "integrity": "sha1-p9BVi9icQveV3UIyj3QIMcpTvCU="
        }
      }
    },
    "color-name": {
      "version": "1.1.4",
      "resolved": "https://registry.npmjs.org/color-name/-/color-name-1.1.4.tgz",
      "integrity": "sha512-dOy+3AuW3a2wNbZHIuMZpTcgjGuLU/uBL/ubcZF9OXbDo8ff4O8yVp5Bf0efS8uEoYo5q4Fx7dY9OgQGXgAsQA=="
    },
    "core-js": {
      "version": "1.2.7",
      "resolved": "https://registry.npmjs.org/core-js/-/core-js-1.2.7.tgz",
      "integrity": "sha1-ZSKUwUZR2yj6k70tX/KYOk8IxjY="
    },
    "d3-array": {
      "version": "1.2.4",
      "resolved": "https://registry.npmjs.org/d3-array/-/d3-array-1.2.4.tgz",
      "integrity": "sha512-KHW6M86R+FUPYGb3R5XiYjXPq7VzwxZ22buHhAEVG5ztoEcZZMLov530mmccaqA1GghZArjQV46fuc8kUqhhHw=="
    },
    "d3-chord": {
      "version": "1.0.6",
      "resolved": "https://registry.npmjs.org/d3-chord/-/d3-chord-1.0.6.tgz",
      "integrity": "sha512-JXA2Dro1Fxw9rJe33Uv+Ckr5IrAa74TlfDEhE/jfLOaXegMQFQTAgAw9WnZL8+HxVBRXaRGCkrNU7pJeylRIuA==",
      "requires": {
        "d3-array": "1",
        "d3-path": "1"
      }
    },
    "d3-collection": {
      "version": "1.0.7",
      "resolved": "https://registry.npmjs.org/d3-collection/-/d3-collection-1.0.7.tgz",
      "integrity": "sha512-ii0/r5f4sjKNTfh84Di+DpztYwqKhEyUlKoPrzUFfeSkWxjW49xU2QzO9qrPrNkpdI0XJkfzvmTu8V2Zylln6A=="
    },
    "d3-color": {
      "version": "1.4.1",
      "resolved": "https://registry.npmjs.org/d3-color/-/d3-color-1.4.1.tgz",
      "integrity": "sha512-p2sTHSLCJI2QKunbGb7ocOh7DgTAn8IrLx21QRc/BSnodXM4sv6aLQlnfpvehFMLZEfBc6g9pH9SWQccFYfJ9Q=="
    },
    "d3-delaunay": {
      "version": "5.3.0",
      "resolved": "https://registry.npmjs.org/d3-delaunay/-/d3-delaunay-5.3.0.tgz",
      "integrity": "sha512-amALSrOllWVLaHTnDLHwMIiz0d1bBu9gZXd1FiLfXf8sHcX9jrcj81TVZOqD4UX7MgBZZ07c8GxzEgBpJqc74w==",
      "requires": {
        "delaunator": "4"
      }
    },
    "d3-ease": {
      "version": "1.0.7",
      "resolved": "https://registry.npmjs.org/d3-ease/-/d3-ease-1.0.7.tgz",
      "integrity": "sha512-lx14ZPYkhNx0s/2HX5sLFUI3mbasHjSSpwO/KaaNACweVwxUruKyWVcb293wMv1RqTPZyZ8kSZ2NogUZNcLOFQ=="
    },
    "d3-format": {
      "version": "1.4.5",
      "resolved": "https://registry.npmjs.org/d3-format/-/d3-format-1.4.5.tgz",
      "integrity": "sha512-J0piedu6Z8iB6TbIGfZgDzfXxUFN3qQRMofy2oPdXzQibYGqPB/9iMcxr/TGalU+2RsyDO+U4f33id8tbnSRMQ=="
    },
    "d3-hierarchy": {
      "version": "1.1.9",
      "resolved": "https://registry.npmjs.org/d3-hierarchy/-/d3-hierarchy-1.1.9.tgz",
      "integrity": "sha512-j8tPxlqh1srJHAtxfvOUwKNYJkQuBFdM1+JAUfq6xqH5eAqf93L7oG1NVqDa4CpFZNvnNKtCYEUC8KY9yEn9lQ=="
    },
    "d3-interpolate": {
      "version": "1.4.0",
      "resolved": "https://registry.npmjs.org/d3-interpolate/-/d3-interpolate-1.4.0.tgz",
      "integrity": "sha512-V9znK0zc3jOPV4VD2zZn0sDhZU3WAE2bmlxdIwwQPPzPjvyLkd8B3JUVdS1IDUFDkWZ72c9qnv1GK2ZagTZ8EA==",
      "requires": {
        "d3-color": "1"
      }
    },
    "d3-path": {
      "version": "1.0.9",
      "resolved": "https://registry.npmjs.org/d3-path/-/d3-path-1.0.9.tgz",
      "integrity": "sha512-VLaYcn81dtHVTjEHd8B+pbe9yHWpXKZUC87PzoFmsFrJqgFwDe/qxfp5MlfsfM1V5E/iVt0MmEbWQ7FVIXh/bg=="
    },
    "d3-sankey": {
      "version": "0.7.1",
      "resolved": "https://registry.npmjs.org/d3-sankey/-/d3-sankey-0.7.1.tgz",
      "integrity": "sha1-0imDImj8aaf+yEgD6WwiVqYUxSE=",
      "requires": {
        "d3-array": "1",
        "d3-collection": "1",
        "d3-shape": "^1.2.0"
      }
    },
    "d3-scale": {
      "version": "1.0.7",
      "resolved": "https://registry.npmjs.org/d3-scale/-/d3-scale-1.0.7.tgz",
      "integrity": "sha512-KvU92czp2/qse5tUfGms6Kjig0AhHOwkzXG0+PqIJB3ke0WUv088AHMZI0OssO9NCkXt4RP8yju9rpH8aGB7Lw==",
      "requires": {
        "d3-array": "^1.2.0",
        "d3-collection": "1",
        "d3-color": "1",
        "d3-format": "1",
        "d3-interpolate": "1",
        "d3-time": "1",
        "d3-time-format": "2"
      }
    },
    "d3-scale-chromatic": {
      "version": "1.5.0",
      "resolved": "https://registry.npmjs.org/d3-scale-chromatic/-/d3-scale-chromatic-1.5.0.tgz",
      "integrity": "sha512-ACcL46DYImpRFMBcpk9HhtIyC7bTBR4fNOPxwVSl0LfulDAwyiHyPOTqcDG1+t5d4P9W7t/2NAuWu59aKko/cg==",
      "requires": {
        "d3-color": "1",
        "d3-interpolate": "1"
      }
    },
    "d3-shape": {
      "version": "1.3.7",
      "resolved": "https://registry.npmjs.org/d3-shape/-/d3-shape-1.3.7.tgz",
      "integrity": "sha512-EUkvKjqPFUAZyOlhY5gzCxCeI0Aep04LwIRpsZ/mLFelJiUfnK56jo5JMDSE7yyP2kLSb6LtF+S5chMk7uqPqw==",
      "requires": {
        "d3-path": "1"
      }
    },
    "d3-time": {
      "version": "1.1.0",
      "resolved": "https://registry.npmjs.org/d3-time/-/d3-time-1.1.0.tgz",
      "integrity": "sha512-Xh0isrZ5rPYYdqhAVk8VLnMEidhz5aP7htAADH6MfzgmmicPkTo8LhkLxci61/lCB7n7UmE3bN0leRt+qvkLxA=="
    },
    "d3-time-format": {
      "version": "2.3.0",
      "resolved": "https://registry.npmjs.org/d3-time-format/-/d3-time-format-2.3.0.tgz",
      "integrity": "sha512-guv6b2H37s2Uq/GefleCDtbe0XZAuy7Wa49VGkPVPMfLL9qObgBST3lEHJBMUp8S7NdLQAGIvr2KXk8Hc98iKQ==",
      "requires": {
        "d3-time": "1"
      }
    },
    "d3-timer": {
      "version": "1.0.10",
      "resolved": "https://registry.npmjs.org/d3-timer/-/d3-timer-1.0.10.tgz",
      "integrity": "sha512-B1JDm0XDaQC+uvo4DT79H0XmBskgS3l6Ve+1SBCfxgmtIb1AVrPIoqd+nPSv+loMX8szQ0sVUhGngL7D5QPiXw=="
    },
    "d3-voronoi": {
      "version": "1.1.4",
      "resolved": "https://registry.npmjs.org/d3-voronoi/-/d3-voronoi-1.1.4.tgz",
      "integrity": "sha512-dArJ32hchFsrQ8uMiTBLq256MpnZjeuBtdHpaDlYuQyjU0CVzCJl/BVW+SkszaAeH95D/8gxqAhgx0ouAWAfRg=="
    },
    "delaunator": {
      "version": "4.0.1",
      "resolved": "https://registry.npmjs.org/delaunator/-/delaunator-4.0.1.tgz",
      "integrity": "sha512-WNPWi1IRKZfCt/qIDMfERkDp93+iZEmOxN2yy4Jg+Xhv8SLk2UTqqbe1sfiipn0and9QrE914/ihdx82Y/Giag=="
    },
    "delaunay-find": {
      "version": "0.0.5",
      "resolved": "https://registry.npmjs.org/delaunay-find/-/delaunay-find-0.0.5.tgz",
      "integrity": "sha512-7yAJ/wmKWj3SgqjtkGqT/RCwI0HWAo5YnHMoF5nYXD8cdci+YSo23iPmgrZUNOpDxRWN91PqxUvMMr2lKpjr+w==",
      "requires": {
        "delaunator": "^4.0.0"
      }
    },
    "encoding": {
      "version": "0.1.13",
      "resolved": "https://registry.npmjs.org/encoding/-/encoding-0.1.13.tgz",
      "integrity": "sha512-ETBauow1T35Y/WZMkio9jiM0Z5xjHHmJ4XmjZOq1l/dXz3lr2sRn87nJy20RupqSh1F2m3HHPSp8ShIPQJrJ3A==",
      "requires": {
        "iconv-lite": "^0.6.2"
      }
    },
    "fbjs": {
      "version": "0.8.17",
      "resolved": "https://registry.npmjs.org/fbjs/-/fbjs-0.8.17.tgz",
      "integrity": "sha1-xNWY6taUkRJlPWWIsBpc3Nn5D90=",
      "requires": {
        "core-js": "^1.0.0",
        "isomorphic-fetch": "^2.1.1",
        "loose-envify": "^1.0.0",
        "object-assign": "^4.1.0",
        "promise": "^7.1.1",
        "setimmediate": "^1.0.5",
        "ua-parser-js": "^0.7.18"
      }
    },
    "get-node-dimensions": {
      "version": "1.2.1",
      "resolved": "https://registry.npmjs.org/get-node-dimensions/-/get-node-dimensions-1.2.1.tgz",
      "integrity": "sha512-2MSPMu7S1iOTL+BOa6K1S62hB2zUAYNF/lV0gSVlOaacd087lc6nR1H1r0e3B1CerTo+RceOmi1iJW+vp21xcQ=="
    },
    "hoist-non-react-statics": {
      "version": "2.5.5",
      "resolved": "https://registry.npmjs.org/hoist-non-react-statics/-/hoist-non-react-statics-2.5.5.tgz",
      "integrity": "sha512-rqcy4pJo55FTTLWt+bU8ukscqHeE/e9KWvsOW2b/a3afxQZhwkQdT1rPPCJ0rYXdj4vNcasY8zHTH+jF/qStxw=="
    },
    "iconv-lite": {
      "version": "0.6.2",
      "resolved": "https://registry.npmjs.org/iconv-lite/-/iconv-lite-0.6.2.tgz",
      "integrity": "sha512-2y91h5OpQlolefMPmUlivelittSWy0rP+oYVpn6A7GwVHNE8AWzoYOBNmlwks3LobaJxgHCYZAnyNo2GgpNRNQ==",
      "requires": {
        "safer-buffer": ">= 2.1.2 < 3.0.0"
      }
    },
    "is-stream": {
      "version": "1.1.0",
      "resolved": "https://registry.npmjs.org/is-stream/-/is-stream-1.1.0.tgz",
      "integrity": "sha1-EtSj3U5o4Lec6428hBc66A2RykQ="
    },
    "isomorphic-fetch": {
      "version": "2.2.1",
      "resolved": "https://registry.npmjs.org/isomorphic-fetch/-/isomorphic-fetch-2.2.1.tgz",
      "integrity": "sha1-YRrhrPFPXoH3KVB0coGf6XM1WKk=",
      "requires": {
        "node-fetch": "^1.0.1",
        "whatwg-fetch": ">=0.10.0"
      }
    },
    "js-tokens": {
      "version": "4.0.0",
      "resolved": "https://registry.npmjs.org/js-tokens/-/js-tokens-4.0.0.tgz",
      "integrity": "sha512-RdJUflcE3cUzKiMqQgsCu06FPu9UdIJO0beYbPhHN4k6apgJtifcoCtT9bcxOpYBtpD2kCM6Sbzg4CausW/PKQ=="
    },
    "json-stringify-safe": {
      "version": "5.0.1",
      "resolved": "https://registry.npmjs.org/json-stringify-safe/-/json-stringify-safe-5.0.1.tgz",
      "integrity": "sha1-Epai1Y/UXxmg9s4B1lcB4sc1tus="
    },
    "lodash": {
      "version": "4.17.20",
      "resolved": "https://registry.npmjs.org/lodash/-/lodash-4.17.20.tgz",
      "integrity": "sha512-PlhdFcillOINfeV7Ni6oF1TAEayyZBoZ8bcshTHqOYJYlrqzRK5hagpagky5o4HfCzzd1TRkXPMFq6cKk9rGmA=="
    },
    "lodash.get": {
      "version": "4.4.2",
      "resolved": "https://registry.npmjs.org/lodash.get/-/lodash.get-4.4.2.tgz",
      "integrity": "sha1-LRd/ZS+jHpObRDjVNBSZ36OCXpk="
    },
    "lodash.isplainobject": {
      "version": "4.0.6",
      "resolved": "https://registry.npmjs.org/lodash.isplainobject/-/lodash.isplainobject-4.0.6.tgz",
      "integrity": "sha1-fFJqUtibRcRcxpC4gWO+BJf1UMs="
    },
    "loose-envify": {
      "version": "1.4.0",
      "resolved": "https://registry.npmjs.org/loose-envify/-/loose-envify-1.4.0.tgz",
      "integrity": "sha512-lyuxPGr/Wfhrlem2CL/UcnUc1zcqKAImBDzukY7Y5F/yQiNdko6+fRLevlw1HgMySw7f611UIY408EtxRSoK3Q==",
      "requires": {
        "js-tokens": "^3.0.0 || ^4.0.0"
      }
    },
    "moment": {
      "version": "2.29.0",
      "resolved": "https://registry.npmjs.org/moment/-/moment-2.29.0.tgz",
      "integrity": "sha512-z6IJ5HXYiuxvFTI6eiQ9dm77uE0gyy1yXNApVHqTcnIKfY9tIwEjlzsZ6u1LQXvVgKeTnv9Xm7NDvJ7lso3MtA=="
    },
    "nivo": {
      "version": "0.31.0",
      "resolved": "https://registry.npmjs.org/nivo/-/nivo-0.31.0.tgz",
      "integrity": "sha512-W6rjAcyTEqfrLkqHo2WuCHXHZXy+0R9XlSjpU5+F/zdBt+QFZTSPs/e45dE16PqVY9Gx7w4bxa9OkD0hasWOKg==",
      "requires": {
        "d3-chord": "^1.0.4",
        "d3-color": "^1.0.3",
        "d3-format": "^1.2.0",
        "d3-hierarchy": "^1.1.5",
        "d3-interpolate": "^1.1.5",
        "d3-sankey": "^0.7.1",
        "d3-scale": "^1.0.6",
        "d3-scale-chromatic": "^1.1.1",
        "d3-shape": "^1.2.0",
        "d3-time": "^1.0.7",
        "d3-time-format": "^2.0.5",
        "d3-voronoi": "^1.1.2",
        "lodash": "^4.17.4",
        "prop-types": "^15.5.10",
        "react-measure": "^2.0.2",
        "react-motion": "^0.5.1",
        "recompose": "^0.25.0"
      }
    },
    "node-fetch": {
      "version": "1.7.3",
      "resolved": "https://registry.npmjs.org/node-fetch/-/node-fetch-1.7.3.tgz",
      "integrity": "sha512-NhZ4CsKx7cYm2vSrBAr2PvFOe6sWDf0UYLRqA6svUYg7+/TSfVAu49jYC4BvQ4Sms9SZgdqGBgroqfDhJdTyKQ==",
      "requires": {
        "encoding": "^0.1.11",
        "is-stream": "^1.0.1"
      }
    },
    "object-assign": {
      "version": "4.1.1",
      "resolved": "https://registry.npmjs.org/object-assign/-/object-assign-4.1.1.tgz",
      "integrity": "sha1-IQmtx5ZYh8/AXLvUQsrIv7s2CGM="
    },
    "performance-now": {
      "version": "0.2.0",
      "resolved": "https://registry.npmjs.org/performance-now/-/performance-now-0.2.0.tgz",
      "integrity": "sha1-M+8wxcd9TqIcWlOGnZG1bY8lVeU="
    },
    "promise": {
      "version": "7.3.1",
      "resolved": "https://registry.npmjs.org/promise/-/promise-7.3.1.tgz",
      "integrity": "sha512-nolQXZ/4L+bP/UGlkfaIujX9BKxGwmQ9OT4mOt5yvy8iK1h3wqTEJCijzGANTCCl9nWjY41juyAn2K3Q1hLLTg==",
      "requires": {
        "asap": "~2.0.3"
      }
    },
    "prop-types": {
      "version": "15.7.2",
      "resolved": "https://registry.npmjs.org/prop-types/-/prop-types-15.7.2.tgz",
      "integrity": "sha512-8QQikdH7//R2vurIJSutZ1smHYTcLpRWEOlHnzcWHmBYrOGUysKwSsrC89BCiFj3CbrfJ/nXFdJepOVrY1GCHQ==",
      "requires": {
        "loose-envify": "^1.4.0",
        "object-assign": "^4.1.1",
        "react-is": "^16.8.1"
      }
    },
    "raf": {
      "version": "3.4.1",
      "resolved": "https://registry.npmjs.org/raf/-/raf-3.4.1.tgz",
      "integrity": "sha512-Sq4CW4QhwOHE8ucn6J34MqtZCeWFP2aQSmrlroYgqAV1PjStIhJXxYuTgUIfkEk7zTLjmIjLmU5q+fbD1NnOJA==",
      "requires": {
        "performance-now": "^2.1.0"
      },
      "dependencies": {
        "performance-now": {
          "version": "2.1.0",
          "resolved": "https://registry.npmjs.org/performance-now/-/performance-now-2.1.0.tgz",
          "integrity": "sha1-Ywn04OX6kT7BxpMHrjZLSzd8nns="
        }
      }
    },
    "react-chartjs-2": {
      "version": "2.10.0",
      "resolved": "https://registry.npmjs.org/react-chartjs-2/-/react-chartjs-2-2.10.0.tgz",
      "integrity": "sha512-1MjWEkUn8LLFf6GVyYUOrruJTW3yVU5hlEJOwGj3MiokuC+jH/BahjWVGAMonbe9UYbEIUbd2Rn36iVlC0Hb7w==",
      "requires": {
        "lodash": "^4.17.19",
        "prop-types": "^15.7.2"
      }
    },
    "react-fast-compare": {
      "version": "2.0.4",
      "resolved": "https://registry.npmjs.org/react-fast-compare/-/react-fast-compare-2.0.4.tgz",
      "integrity": "sha512-suNP+J1VU1MWFKcyt7RtjiSWUjvidmQSlqu+eHslq+342xCbGTYmC0mEhPCOHxlW0CywylOC1u2DFAT+bv4dBw=="
    },
    "react-is": {
      "version": "16.13.1",
      "resolved": "https://registry.npmjs.org/react-is/-/react-is-16.13.1.tgz",
      "integrity": "sha512-24e6ynE2H+OKt4kqsOvNd8kBpV65zoxbA4BVsEOB3ARVWQki/DHzaUoC5KuON/BiccDaCCTZBuOcfZs70kR8bQ=="
    },
    "react-lifecycles-compat": {
      "version": "3.0.4",
      "resolved": "https://registry.npmjs.org/react-lifecycles-compat/-/react-lifecycles-compat-3.0.4.tgz",
      "integrity": "sha512-fBASbA6LnOU9dOU2eW7aQ8xmYBSXUIWr+UmF9b1efZBazGNO+rcXT/icdKnYm2pTwcRylVUYwW7H1PHfLekVzA=="
    },
    "react-measure": {
      "version": "2.5.2",
      "resolved": "https://registry.npmjs.org/react-measure/-/react-measure-2.5.2.tgz",
      "integrity": "sha512-M+rpbTLWJ3FD6FXvYV6YEGvQ5tMayQ3fGrZhRPHrE9bVlBYfDCLuDcgNttYfk8IqfOI03jz6cbpqMRTUclQnaA==",
      "requires": {
        "@babel/runtime": "^7.2.0",
        "get-node-dimensions": "^1.2.1",
        "prop-types": "^15.6.2",
        "resize-observer-polyfill": "^1.5.0"
      }
    },
    "react-motion": {
      "version": "0.5.2",
      "resolved": "https://registry.npmjs.org/react-motion/-/react-motion-0.5.2.tgz",
      "integrity": "sha512-9q3YAvHoUiWlP3cK0v+w1N5Z23HXMj4IF4YuvjvWegWqNPfLXsOBE/V7UvQGpXxHFKRQQcNcVQE31g9SB/6qgQ==",
      "requires": {
        "performance-now": "^0.2.0",
        "prop-types": "^15.5.8",
        "raf": "^3.1.0"
      }
    },
    "recompose": {
      "version": "0.25.1",
      "resolved": "https://registry.npmjs.org/recompose/-/recompose-0.25.1.tgz",
      "integrity": "sha512-EwFAv6UBrHbLIsIKHUZJ+BKdjTmyEsIrRlGO3R7PKu0S7hkgNznVDRvb+1upQUntURtBvxhYnTVQ3AcWOlsmWA==",
      "requires": {
        "change-emitter": "^0.1.2",
        "fbjs": "^0.8.1",
        "hoist-non-react-statics": "^2.3.1",
        "symbol-observable": "^1.0.4"
      }
    },
    "regenerator-runtime": {
      "version": "0.13.7",
      "resolved": "https://registry.npmjs.org/regenerator-runtime/-/regenerator-runtime-0.13.7.tgz",
      "integrity": "sha512-a54FxoJDIr27pgf7IgeQGxmqUNYrcV338lf/6gH456HZ/PhX+5BcwHXG9ajESmwe6WRO0tAzRUrRmNONWgkrew=="
    },
    "resize-observer-polyfill": {
      "version": "1.5.1",
      "resolved": "https://registry.npmjs.org/resize-observer-polyfill/-/resize-observer-polyfill-1.5.1.tgz",
      "integrity": "sha512-LwZrotdHOo12nQuZlHEmtuXdqGoOD0OhaxopaNFxWzInpEgaLWoVuAMbTzixuosCx2nEG58ngzW3vxdWoxIgdg=="
    },
    "safer-buffer": {
      "version": "2.1.2",
      "resolved": "https://registry.npmjs.org/safer-buffer/-/safer-buffer-2.1.2.tgz",
      "integrity": "sha512-YZo3K82SD7Riyi0E1EQPojLz7kpepnSQI9IyPbHHg1XXXevb5dJI7tpyN2ADxGcQbHG7vcyRHk0cbwqcQriUtg=="
    },
    "setimmediate": {
      "version": "1.0.5",
      "resolved": "https://registry.npmjs.org/setimmediate/-/setimmediate-1.0.5.tgz",
      "integrity": "sha1-KQy7Iy4waULX1+qbg3Mqt4VvgoU="
    },
    "symbol-observable": {
      "version": "1.2.0",
      "resolved": "https://registry.npmjs.org/symbol-observable/-/symbol-observable-1.2.0.tgz",
      "integrity": "sha512-e900nM8RRtGhlV36KGEU9k65K3mPb1WV70OdjfxlG2EAuM1noi/E/BaW/uMhL7bPEssK8QV57vN3esixjUvcXQ=="
    },
    "ua-parser-js": {
      "version": "0.7.22",
      "resolved": "https://registry.npmjs.org/ua-parser-js/-/ua-parser-js-0.7.22.tgz",
      "integrity": "sha512-YUxzMjJ5T71w6a8WWVcMGM6YWOTX27rCoIQgLXiWaxqXSx9D7DNjiGWn1aJIRSQ5qr0xuhra77bSIh6voR/46Q=="
    },
    "victory": {
      "version": "35.3.5",
      "resolved": "https://registry.npmjs.org/victory/-/victory-35.3.5.tgz",
      "integrity": "sha512-/sJCSTWVsR92kZeRHtYqgzKlAxYTAk5GgxcMLZKhv61gcan//m6FgMWRkLTeGPZAmVwa+e3iFq5gDxzqcrBw1w==",
      "requires": {
        "victory-area": "^35.3.5",
        "victory-axis": "^35.3.5",
        "victory-bar": "^35.3.5",
        "victory-box-plot": "^35.3.5",
        "victory-brush-container": "^35.3.5",
        "victory-brush-line": "^35.3.5",
        "victory-candlestick": "^35.3.5",
        "victory-chart": "^35.3.5",
        "victory-core": "^35.3.5",
        "victory-create-container": "^35.3.5",
        "victory-cursor-container": "^35.3.5",
        "victory-errorbar": "^35.3.5",
        "victory-group": "^35.3.5",
        "victory-histogram": "^35.3.5",
        "victory-legend": "^35.3.5",
        "victory-line": "^35.3.5",
        "victory-pie": "^35.3.5",
        "victory-polar-axis": "^35.3.5",
        "victory-scatter": "^35.3.5",
        "victory-selection-container": "^35.3.5",
        "victory-shared-events": "^35.3.5",
        "victory-stack": "^35.3.5",
        "victory-tooltip": "^35.3.5",
        "victory-voronoi": "^35.3.5",
        "victory-voronoi-container": "^35.3.5",
        "victory-zoom-container": "^35.3.5"
      }
    },
    "victory-area": {
      "version": "35.3.5",
      "resolved": "https://registry.npmjs.org/victory-area/-/victory-area-35.3.5.tgz",
      "integrity": "sha512-W5JuMLCVHjysom1vnwFHXmuAXfAjmzZ4RWDVv0GZTUyZKDjZ0yD0XRKvrLcuN7cX702/5I3T1tf8N7TBICD7Lw==",
      "requires": {
        "d3-shape": "^1.2.0",
        "lodash": "^4.17.19",
        "prop-types": "^15.5.8",
        "victory-core": "^35.3.5"
      }
    },
    "victory-axis": {
      "version": "35.3.5",
      "resolved": "https://registry.npmjs.org/victory-axis/-/victory-axis-35.3.5.tgz",
      "integrity": "sha512-E3E/MjwoFIWLGbn3TU13eUwa+t0FrG4M44uwKUmpmt6U7YCHmMcxb/WkOTyvAuytQl0jcPRI+mI3dNcqxCYhbQ==",
      "requires": {
        "lodash": "^4.17.19",
        "prop-types": "^15.5.8",
        "victory-core": "^35.3.5"
      }
    },
    "victory-bar": {
      "version": "35.3.5",
      "resolved": "https://registry.npmjs.org/victory-bar/-/victory-bar-35.3.5.tgz",
      "integrity": "sha512-BDqdWOSubHb+aMvtN6zm5HaNNv4N66xSrHNIr2GC+FFnLp4wWuKtVdx5O4bmiVYWkdXMj1zrMu6KnWfe3/qb1w==",
      "requires": {
        "d3-shape": "^1.2.0",
        "lodash": "^4.17.19",
        "prop-types": "^15.5.8",
        "victory-core": "^35.3.5"
      }
    },
    "victory-box-plot": {
      "version": "35.3.5",
      "resolved": "https://registry.npmjs.org/victory-box-plot/-/victory-box-plot-35.3.5.tgz",
      "integrity": "sha512-rsX7sQt1qhNVc/1+hSBsU0Rb5WvbBbE/2uQ+7NWKVF744O4/VJLYEYV0DqmrjJtlUo6KP40oL+Ns04c1kv+rzA==",
      "requires": {
        "d3-array": "^1.2.0",
        "lodash": "^4.17.19",
        "prop-types": "^15.5.8",
        "victory-core": "^35.3.5"
      }
    },
    "victory-brush-container": {
      "version": "35.3.5",
      "resolved": "https://registry.npmjs.org/victory-brush-container/-/victory-brush-container-35.3.5.tgz",
      "integrity": "sha512-UrzPDKt/PPxhrhbt9xyKxlny52ACAvJHBXdGOohLgtaFjt6xHyFTO6mvmjXtZlt8SxHf3KTc2lezi37b4DsmgA==",
      "requires": {
        "lodash": "^4.17.19",
        "prop-types": "^15.5.8",
        "react-fast-compare": "^2.0.0",
        "victory-core": "^35.3.5"
      }
    },
    "victory-brush-line": {
      "version": "35.3.5",
      "resolved": "https://registry.npmjs.org/victory-brush-line/-/victory-brush-line-35.3.5.tgz",
      "integrity": "sha512-YEhTLEY5ImnSBj5fMDGLGpbVPlFkd04PkACXJP4dNsgv4xwJPBbcgRY2DAvkdbpj7Zu6TenRG9AzEU9afM7chw==",
      "requires": {
        "lodash": "^4.17.19",
        "prop-types": "^15.5.8",
        "react-fast-compare": "^2.0.0",
        "victory-core": "^35.3.5"
      }
    },
    "victory-candlestick": {
      "version": "35.3.5",
      "resolved": "https://registry.npmjs.org/victory-candlestick/-/victory-candlestick-35.3.5.tgz",
      "integrity": "sha512-V+dK9tqjYMNK7MgJ+zZy1eif9l77xBgMIORVMbwauBPIkiL8Z5eulO+Y9/vq33/4JezDrJFH41WEW+Lg9PonzA==",
      "requires": {
        "lodash": "^4.17.19",
        "prop-types": "^15.5.8",
        "victory-core": "^35.3.5"
      }
    },
    "victory-chart": {
      "version": "35.3.5",
      "resolved": "https://registry.npmjs.org/victory-chart/-/victory-chart-35.3.5.tgz",
      "integrity": "sha512-ByKrqQzZbkw1mvqdSvRrfsSiAZpJ8AAWjeLa1BAfgKwXf/qdoKwU8flCG5cySWNhorUHyNrzFY9vYmzvA0nW8A==",
      "requires": {
        "lodash": "^4.17.19",
        "prop-types": "^15.5.8",
        "react-fast-compare": "^2.0.0",
        "victory-axis": "^35.3.5",
        "victory-core": "^35.3.5",
        "victory-polar-axis": "^35.3.5",
        "victory-shared-events": "^35.3.5"
      }
    },
    "victory-core": {
      "version": "35.3.5",
      "resolved": "https://registry.npmjs.org/victory-core/-/victory-core-35.3.5.tgz",
      "integrity": "sha512-HhxuXA26X5QZQ/TYsXNUfKtZDHMgTDoA97ln32fV2EDHk1+Sg4KIbMJAaOgsy+2b8y5uUE2Gc37gzABKGhc8dA==",
      "requires": {
        "d3-ease": "^1.0.0",
        "d3-interpolate": "^1.1.1",
        "d3-scale": "^1.0.0",
        "d3-shape": "^1.2.0",
        "d3-timer": "^1.0.0",
        "lodash": "^4.17.19",
        "prop-types": "^15.5.8",
        "react-fast-compare": "^2.0.0"
      }
    },
    "victory-create-container": {
      "version": "35.3.5",
      "resolved": "https://registry.npmjs.org/victory-create-container/-/victory-create-container-35.3.5.tgz",
      "integrity": "sha512-bDk7F/3a8pXOYjq61MEgpX4f7koatZb2v35n2ZgxoUliXIS1YQ+4bC9gYU3QPVoFDH2xGpwF/MSIKOecxcwwbA==",
      "requires": {
        "lodash": "^4.17.19",
        "victory-brush-container": "^35.3.5",
        "victory-core": "^35.3.5",
        "victory-cursor-container": "^35.3.5",
        "victory-selection-container": "^35.3.5",
        "victory-voronoi-container": "^35.3.5",
        "victory-zoom-container": "^35.3.5"
      }
    },
    "victory-cursor-container": {
      "version": "35.3.5",
      "resolved": "https://registry.npmjs.org/victory-cursor-container/-/victory-cursor-container-35.3.5.tgz",
      "integrity": "sha512-e1XdEFmh+/VOl6kxMzbqe94DsbOnmzDtFVVx58z1XCMONJIxCVtppG0D88FCyrj8fHFIVnUlHkSObYM9G1kRvg==",
      "requires": {
        "lodash": "^4.17.19",
        "prop-types": "^15.5.8",
        "victory-core": "^35.3.5"
      }
    },
    "victory-errorbar": {
      "version": "35.3.5",
      "resolved": "https://registry.npmjs.org/victory-errorbar/-/victory-errorbar-35.3.5.tgz",
      "integrity": "sha512-JfuZSCI8lu8AQZ7eja+5eId9Vc4v7qG1Vy/aFp2j+glxINKCCf7Z/oJDKkIRp+ayzFb98T6Cz5LlXdLk9Kj4dw==",
      "requires": {
        "lodash": "^4.17.19",
        "prop-types": "^15.5.8",
        "victory-core": "^35.3.5"
      }
    },
    "victory-group": {
      "version": "35.3.5",
      "resolved": "https://registry.npmjs.org/victory-group/-/victory-group-35.3.5.tgz",
      "integrity": "sha512-pRTSb1bPOCQCpK5/eHsTuqiSfb8YRGUKVV1YpZAjDy7tVauF10gdbtItCE1W16rgEd9BrU9MgQZp0May76G2Mw==",
      "requires": {
        "lodash": "^4.17.19",
        "prop-types": "^15.5.8",
        "react-fast-compare": "^2.0.0",
        "victory-core": "^35.3.5",
        "victory-shared-events": "^35.3.5"
      }
    },
    "victory-histogram": {
      "version": "35.3.5",
      "resolved": "https://registry.npmjs.org/victory-histogram/-/victory-histogram-35.3.5.tgz",
      "integrity": "sha512-eztr8KjA5AAgPLCLWvqnyETOpMhZC+VuUbcISPHJ0n+0Icxy1eawHSPX8pbhPprYg0OoVnDApNsq4gJDcHSk3Q==",
      "requires": {
        "d3-array": "^2.4.0",
        "d3-scale": "^1.0.0",
        "lodash": "^4.17.19",
        "prop-types": "^15.5.8",
        "react-fast-compare": "^2.0.0",
        "victory-bar": "^35.3.5",
        "victory-core": "^35.3.5"
      },
      "dependencies": {
        "d3-array": {
          "version": "2.8.0",
          "resolved": "https://registry.npmjs.org/d3-array/-/d3-array-2.8.0.tgz",
          "integrity": "sha512-6V272gsOeg7+9pTW1jSYOR1QE37g95I3my1hBmY+vOUNHRrk9yt4OTz/gK7PMkVAVDrYYq4mq3grTiZ8iJdNIw=="
        }
      }
    },
    "victory-legend": {
      "version": "35.3.5",
      "resolved": "https://registry.npmjs.org/victory-legend/-/victory-legend-35.3.5.tgz",
      "integrity": "sha512-wDSYd88q6INYeM94vGd+jqNYLnTF8Q6zuqfQzuksq+QCkJfFVFkOpD83PPzPVYohCwmlPLCPnVo2VEew3fglAQ==",
      "requires": {
        "lodash": "^4.17.19",
        "prop-types": "^15.5.8",
        "victory-core": "^35.3.5"
      }
    },
    "victory-line": {
      "version": "35.3.5",
      "resolved": "https://registry.npmjs.org/victory-line/-/victory-line-35.3.5.tgz",
      "integrity": "sha512-//5Lk/LwdBrnBa5Y3y9zkImFL45EySnS+uRUT8OrJOD41Tx5vVRpTAtJ1Ia+lhQ3QKfFvpk/x4tI1nJljE001Q==",
      "requires": {
        "d3-shape": "^1.2.0",
        "lodash": "^4.17.19",
        "prop-types": "^15.5.8",
        "victory-core": "^35.3.5"
      }
    },
    "victory-pie": {
      "version": "35.3.5",
      "resolved": "https://registry.npmjs.org/victory-pie/-/victory-pie-35.3.5.tgz",
      "integrity": "sha512-HR8p8wK5J9Etikicll0cRGchKiB2v7w5iqyV4BzBx2FTvE/5VzAWBm0RjyRqS5ykM2TfDc3lrz1zXsPB2vhcpw==",
      "requires": {
        "d3-shape": "^1.0.0",
        "lodash": "^4.17.19",
        "prop-types": "^15.5.8",
        "victory-core": "^35.3.5"
      }
    },
    "victory-polar-axis": {
      "version": "35.3.5",
      "resolved": "https://registry.npmjs.org/victory-polar-axis/-/victory-polar-axis-35.3.5.tgz",
      "integrity": "sha512-i0PdkxxgIFeW1jGHkczGPlHW4reWWXDEhaN/L4dByqv0GmOCRY+HoMxnNgQ9nNQideeHt3BuJWgd4SjPOS6a3A==",
      "requires": {
        "lodash": "^4.17.19",
        "prop-types": "^15.5.8",
        "victory-core": "^35.3.5"
      }
    },
    "victory-scatter": {
      "version": "35.3.5",
      "resolved": "https://registry.npmjs.org/victory-scatter/-/victory-scatter-35.3.5.tgz",
      "integrity": "sha512-we21KDpK6vWZBZnY2LddA4nGmYF3rif5MC9F1hxxJpVX5nVLCqXXJsQgLB8zUKYbWRZVIzzpIp/sDYc1MvSC1g==",
      "requires": {
        "lodash": "^4.17.19",
        "prop-types": "^15.5.8",
        "victory-core": "^35.3.5"
      }
    },
    "victory-selection-container": {
      "version": "35.3.5",
      "resolved": "https://registry.npmjs.org/victory-selection-container/-/victory-selection-container-35.3.5.tgz",
      "integrity": "sha512-iFQZjtD69PYO8RWf4FXKsyS06WGin+0gSUTSW22zEOOTdrzW94yy+F3/EPIUpbwwtMNDm2moctuLgF8Tjd//zA==",
      "requires": {
        "lodash": "^4.17.19",
        "prop-types": "^15.5.8",
        "victory-core": "^35.3.5"
      }
    },
    "victory-shared-events": {
      "version": "35.3.5",
      "resolved": "https://registry.npmjs.org/victory-shared-events/-/victory-shared-events-35.3.5.tgz",
      "integrity": "sha512-KUEYZsHTEkO8GlENUoJm5DvcKfvJFrVB4ebtU8kArkTrh/bQFaIWmmyWgGxfFlOzxUcWrxJntXinHse3QKtq8Q==",
      "requires": {
        "json-stringify-safe": "^5.0.1",
        "lodash": "^4.17.19",
        "prop-types": "^15.5.8",
        "react-fast-compare": "^2.0.0",
        "victory-core": "^35.3.5"
      }
    },
    "victory-stack": {
      "version": "35.3.5",
      "resolved": "https://registry.npmjs.org/victory-stack/-/victory-stack-35.3.5.tgz",
      "integrity": "sha512-nO8u7qVvhsreIRxI+8hrzqXqmXr/vgEObS168MuAmhDV7JUV2cnDK9MEHMPPAvM2Anq4o/AYLBifSjQbwkCulQ==",
      "requires": {
        "lodash": "^4.17.19",
        "prop-types": "^15.5.8",
        "react-fast-compare": "^2.0.0",
        "victory-core": "^35.3.5",
        "victory-shared-events": "^35.3.5"
      }
    },
    "victory-tooltip": {
      "version": "35.3.5",
      "resolved": "https://registry.npmjs.org/victory-tooltip/-/victory-tooltip-35.3.5.tgz",
      "integrity": "sha512-i0VfBYPsm1z3MSoe8a8EPrB4Ytg+6avjBCHbr5//9Sa9eqWzslx1cvVdl1+q6ibC2fCNQpW8W6pmk8FIYHfMAg==",
      "requires": {
        "lodash": "^4.17.19",
        "prop-types": "^15.5.8",
        "victory-core": "^35.3.5"
      }
    },
    "victory-voronoi": {
      "version": "35.3.5",
      "resolved": "https://registry.npmjs.org/victory-voronoi/-/victory-voronoi-35.3.5.tgz",
      "integrity": "sha512-H8W6So0hCM2l8vJEeaFaHnG0T9oh1FoNWMZXkr8kxo+/38GbvLQLtLovdccYyMNmp5BDxaZ3MZGT0QipbnCVYg==",
      "requires": {
        "d3-voronoi": "^1.1.2",
        "lodash": "^4.17.19",
        "prop-types": "^15.5.8",
        "victory-core": "^35.3.5"
      }
    },
    "victory-voronoi-container": {
      "version": "35.3.5",
      "resolved": "https://registry.npmjs.org/victory-voronoi-container/-/victory-voronoi-container-35.3.5.tgz",
      "integrity": "sha512-+qkb0Bk4KpVtNjGDBWeXVBQajuJk5oxH2n9C1fMbLYNKlxjojXTYm5PkZlc5zH4aDSkhK/XFQWf+W67fnqHlTw==",
      "requires": {
        "delaunay-find": "0.0.5",
        "lodash": "^4.17.19",
        "prop-types": "^15.5.8",
        "react-fast-compare": "^2.0.0",
        "victory-core": "^35.3.5",
        "victory-tooltip": "^35.3.5"
      }
    },
    "victory-zoom-container": {
      "version": "35.3.5",
      "resolved": "https://registry.npmjs.org/victory-zoom-container/-/victory-zoom-container-35.3.5.tgz",
      "integrity": "sha512-pVYNB0X0d6wzmM+T4HRobkC8JXfrd1fOJmNbipz4p4NN5Zef+s7bI/8TvoU4kpOmcgjJREO6qNy9bdg+fpndfg==",
      "requires": {
        "lodash": "^4.17.19",
        "prop-types": "^15.5.8",
        "victory-core": "^35.3.5"
      }
    },
    "whatwg-fetch": {
      "version": "3.4.1",
      "resolved": "https://registry.npmjs.org/whatwg-fetch/-/whatwg-fetch-3.4.1.tgz",
      "integrity": "sha512-sofZVzE1wKwO+EYPbWfiwzaKovWiZXf4coEzjGP9b2GBVgQRLQUZ2QcuPpQExGDAW5GItpEm6Tl4OU5mywnAoQ=="
    }
  }
}
